{
  "name": "estrava",
  "lockfileVersion": 2,
  "requires": true,
  "packages": {
    "": {
      "dependencies": {
        "lepikjs": "^1.2.12"
      }
    },
    "node_modules/eventemitter2": {
      "version": "6.4.5",
      "resolved": "https://registry.npmjs.org/eventemitter2/-/eventemitter2-6.4.5.tgz",
      "integrity": "sha512-bXE7Dyc1i6oQElDG0jMRZJrRAn9QR2xyyFGmBdZleNmyQX0FqGYmhZIrIrpPfm/w//LTo4tVQGOGQcGCb5q9uw=="
    },
    "node_modules/lepikevents": {
      "version": "1.5.4",
      "resolved": "https://registry.npmjs.org/lepikevents/-/lepikevents-1.5.4.tgz",
      "integrity": "sha512-j2FfCXWNALBb2YzD6xADtcF/jkRA+QpqaFO3ptEnEYB+Aee5Jx4KvsWBrX74e/DUA1yrB0Ayh9sL3+/+GAU/3g==",
      "hasInstallScript": true,
      "dependencies": {
        "eventemitter2": "^6.4.5"
      }
    },
    "node_modules/lepikjs": {
      "version": "1.2.12",
      "resolved": "https://registry.npmjs.org/lepikjs/-/lepikjs-1.2.12.tgz",
      "integrity": "sha512-vUOnB3YMGEbjKxAyG5TBvKvvyR8hLkgIa0ySMK+ROq04XekcDIB/cshRJ6sde5mIECu0Z7Q5YcAX7sK2y00jiw==",
      "hasInstallScript": true,
      "dependencies": {
        "eventemitter2": "^6.4.5",
        "lepikevents": "^1.5.1"
      }
    }
  },
  "dependencies": {
    "eventemitter2": {
      "version": "6.4.5",
      "resolved": "https://registry.npmjs.org/eventemitter2/-/eventemitter2-6.4.5.tgz",
      "integrity": "sha512-bXE7Dyc1i6oQElDG0jMRZJrRAn9QR2xyyFGmBdZleNmyQX0FqGYmhZIrIrpPfm/w//LTo4tVQGOGQcGCb5q9uw=="
    },
    "lepikevents": {
      "version": "1.5.4",
      "resolved": "https://registry.npmjs.org/lepikevents/-/lepikevents-1.5.4.tgz",
      "integrity": "sha512-j2FfCXWNALBb2YzD6xADtcF/jkRA+QpqaFO3ptEnEYB+Aee5Jx4KvsWBrX74e/DUA1yrB0Ayh9sL3+/+GAU/3g==",
      "requires": {
        "eventemitter2": "^6.4.5"
      }
    },
    "lepikjs": {
      "version": "1.2.12",
      "resolved": "https://registry.npmjs.org/lepikjs/-/lepikjs-1.2.12.tgz",
      "integrity": "sha512-vUOnB3YMGEbjKxAyG5TBvKvvyR8hLkgIa0ySMK+ROq04XekcDIB/cshRJ6sde5mIECu0Z7Q5YcAX7sK2y00jiw==",
      "requires": {
        "eventemitter2": "^6.4.5",
        "lepikevents": "^1.5.1"
      }
    }
  }
}
